{
    "version": 3,
    "terraform_version": "0.10.7",
    "serial": 7,
    "lineage": "92da0665-0409-4e24-bb3a-3c1bb463faed",
    "modules": [
        {
            "path": [
                "root"
            ],
            "outputs": {},
            "resources": {
                "aws_cloudfront_distribution.app": {
                    "type": "aws_cloudfront_distribution",
                    "depends_on": [
                        "module.origin"
                    ],
                    "primary": {
                        "id": "E2FE5QZBYNVLVP",
                        "attributes": {
                            "active_trusted_signers.%": "2",
                            "active_trusted_signers.enabled": "false",
                            "active_trusted_signers.items.#": "0",
                            "aliases.#": "1",
                            "aliases.2055078341": "staging.tilejson.io",
                            "arn": "arn:aws:cloudfront::279682201306:distribution/E2FE5QZBYNVLVP",
                            "cache_behavior.#": "0",
                            "caller_reference": "2017-10-17T15:54:40.774339701Z",
                            "comment": "TILEJSON IO (Staging)",
                            "custom_error_response.#": "2",
                            "custom_error_response.1927780292.error_caching_min_ttl": "0",
                            "custom_error_response.1927780292.error_code": "404",
                            "custom_error_response.1927780292.response_code": "200",
                            "custom_error_response.1927780292.response_page_path": "/index.html",
                            "custom_error_response.2476945751.error_caching_min_ttl": "0",
                            "custom_error_response.2476945751.error_code": "403",
                            "custom_error_response.2476945751.response_code": "200",
                            "custom_error_response.2476945751.response_page_path": "/index.html",
                            "default_cache_behavior.#": "1",
                            "default_cache_behavior.2281632446.allowed_methods.#": "3",
                            "default_cache_behavior.2281632446.allowed_methods.0": "HEAD",
                            "default_cache_behavior.2281632446.allowed_methods.1": "GET",
                            "default_cache_behavior.2281632446.allowed_methods.2": "OPTIONS",
                            "default_cache_behavior.2281632446.cached_methods.#": "3",
                            "default_cache_behavior.2281632446.cached_methods.0": "HEAD",
                            "default_cache_behavior.2281632446.cached_methods.1": "GET",
                            "default_cache_behavior.2281632446.cached_methods.2": "OPTIONS",
                            "default_cache_behavior.2281632446.compress": "true",
                            "default_cache_behavior.2281632446.default_ttl": "300",
                            "default_cache_behavior.2281632446.forwarded_values.#": "1",
                            "default_cache_behavior.2281632446.forwarded_values.2759845635.cookies.#": "1",
                            "default_cache_behavior.2281632446.forwarded_values.2759845635.cookies.2625240281.forward": "none",
                            "default_cache_behavior.2281632446.forwarded_values.2759845635.cookies.2625240281.whitelisted_names.#": "0",
                            "default_cache_behavior.2281632446.forwarded_values.2759845635.headers.#": "0",
                            "default_cache_behavior.2281632446.forwarded_values.2759845635.query_string": "false",
                            "default_cache_behavior.2281632446.forwarded_values.2759845635.query_string_cache_keys.#": "0",
                            "default_cache_behavior.2281632446.lambda_function_association.#": "0",
                            "default_cache_behavior.2281632446.max_ttl": "86400",
                            "default_cache_behavior.2281632446.min_ttl": "0",
                            "default_cache_behavior.2281632446.smooth_streaming": "false",
                            "default_cache_behavior.2281632446.target_origin_id": "originEastId",
                            "default_cache_behavior.2281632446.trusted_signers.#": "0",
                            "default_cache_behavior.2281632446.viewer_protocol_policy": "allow-all",
                            "default_root_object": "index.html",
                            "domain_name": "d1rrufa0117993.cloudfront.net",
                            "enabled": "true",
                            "etag": "E1DBTQO35DLANA",
                            "hosted_zone_id": "Z2FDTNDATAQYW2",
                            "http_version": "http2",
                            "id": "E2FE5QZBYNVLVP",
                            "in_progress_validation_batches": "0",
                            "is_ipv6_enabled": "false",
                            "last_modified_time": "2017-10-17 15:54:41.052 +0000 UTC",
                            "logging_config.#": "1",
                            "logging_config.1242083291.bucket": "tilejson-io-staging-logs-us-east-1.s3.amazonaws.com",
                            "logging_config.1242083291.include_cookies": "false",
                            "logging_config.1242083291.prefix": "",
                            "origin.#": "1",
                            "origin.995002801.custom_header.#": "0",
                            "origin.995002801.custom_origin_config.#": "0",
                            "origin.995002801.domain_name": "tilejson-io-staging-site-us-east-1.s3.amazonaws.com",
                            "origin.995002801.origin_id": "originEastId",
                            "origin.995002801.origin_path": "",
                            "origin.995002801.s3_origin_config.#": "0",
                            "price_class": "PriceClass_All",
                            "restrictions.#": "1",
                            "restrictions.1097372288.geo_restriction.#": "1",
                            "restrictions.1097372288.geo_restriction.2625240281.locations.#": "0",
                            "restrictions.1097372288.geo_restriction.2625240281.restriction_type": "none",
                            "retain_on_delete": "true",
                            "status": "Deployed",
                            "tags.%": "0",
                            "viewer_certificate.#": "1",
                            "viewer_certificate.69840937.acm_certificate_arn": "",
                            "viewer_certificate.69840937.cloudfront_default_certificate": "true",
                            "viewer_certificate.69840937.iam_certificate_id": "",
                            "viewer_certificate.69840937.minimum_protocol_version": "TLSv1",
                            "viewer_certificate.69840937.ssl_support_method": "",
                            "web_acl_id": ""
                        },
                        "meta": {},
                        "tainted": false
                    },
                    "deposed": [],
                    "provider": ""
                },
                "aws_route53_record.app": {
                    "type": "aws_route53_record",
                    "depends_on": [
                        "aws_cloudfront_distribution.app",
                        "aws_route53_zone.external"
                    ],
                    "primary": {
                        "id": "Z3SA4KE7D92EYT_staging.tilejson.io_A",
                        "attributes": {
                            "alias.#": "1",
                            "alias.2997495457.evaluate_target_health": "false",
                            "alias.2997495457.name": "d1rrufa0117993.cloudfront.net",
                            "alias.2997495457.zone_id": "Z2FDTNDATAQYW2",
                            "fqdn": "staging.tilejson.io",
                            "health_check_id": "",
                            "id": "Z3SA4KE7D92EYT_staging.tilejson.io_A",
                            "name": "staging.tilejson.io",
                            "records.#": "0",
                            "set_identifier": "",
                            "ttl": "0",
                            "type": "A",
                            "zone_id": "Z3SA4KE7D92EYT"
                        },
                        "meta": {
                            "schema_version": "2"
                        },
                        "tainted": false
                    },
                    "deposed": [],
                    "provider": ""
                },
                "aws_route53_zone.external": {
                    "type": "aws_route53_zone",
                    "depends_on": [],
                    "primary": {
                        "id": "Z3SA4KE7D92EYT",
                        "attributes": {
                            "comment": "Managed by Terraform",
                            "force_destroy": "false",
                            "id": "Z3SA4KE7D92EYT",
                            "name": "staging.tilejson.io.",
                            "name_servers.#": "4",
                            "name_servers.0": "ns-1104.awsdns-10.org",
                            "name_servers.1": "ns-1597.awsdns-07.co.uk",
                            "name_servers.2": "ns-95.awsdns-11.com",
                            "name_servers.3": "ns-985.awsdns-59.net",
                            "tags.%": "0",
                            "zone_id": "Z3SA4KE7D92EYT"
                        },
                        "meta": {},
                        "tainted": false
                    },
                    "deposed": [],
                    "provider": ""
                }
            },
            "depends_on": []
        },
        {
            "path": [
                "root",
                "origin"
            ],
            "outputs": {
                "logs_bucket": {
                    "sensitive": false,
                    "type": "string",
                    "value": "tilejson-io-staging-logs-us-east-1"
                },
                "site_bucket": {
                    "sensitive": false,
                    "type": "string",
                    "value": "tilejson-io-staging-site-us-east-1"
                }
            },
            "resources": {
                "aws_s3_bucket.access_logs_bucket": {
                    "type": "aws_s3_bucket",
                    "depends_on": [],
                    "primary": {
                        "id": "tilejson-io-staging-logs-us-east-1",
                        "attributes": {
                            "acceleration_status": "",
                            "acl": "log-delivery-write",
                            "arn": "arn:aws:s3:::tilejson-io-staging-logs-us-east-1",
                            "bucket": "tilejson-io-staging-logs-us-east-1",
                            "bucket_domain_name": "tilejson-io-staging-logs-us-east-1.s3.amazonaws.com",
                            "force_destroy": "false",
                            "hosted_zone_id": "Z3AQBSTGFYJSTF",
                            "id": "tilejson-io-staging-logs-us-east-1",
                            "logging.#": "0",
                            "region": "us-east-1",
                            "request_payer": "BucketOwner",
                            "tags.%": "2",
                            "tags.Environment": "Staging",
                            "tags.Project": "TileJSON.io",
                            "versioning.#": "1",
                            "versioning.0.enabled": "false",
                            "versioning.0.mfa_delete": "false",
                            "website.#": "0"
                        },
                        "meta": {},
                        "tainted": false
                    },
                    "deposed": [],
                    "provider": ""
                },
                "aws_s3_bucket.site_bucket": {
                    "type": "aws_s3_bucket",
                    "depends_on": [
                        "data.aws_iam_policy_document.read_only_bucket_policy"
                    ],
                    "primary": {
                        "id": "tilejson-io-staging-site-us-east-1",
                        "attributes": {
                            "acceleration_status": "",
                            "acl": "private",
                            "arn": "arn:aws:s3:::tilejson-io-staging-site-us-east-1",
                            "bucket": "tilejson-io-staging-site-us-east-1",
                            "bucket_domain_name": "tilejson-io-staging-site-us-east-1.s3.amazonaws.com",
                            "cors_rule.#": "1",
                            "cors_rule.0.allowed_headers.#": "1",
                            "cors_rule.0.allowed_headers.0": "Authorization",
                            "cors_rule.0.allowed_methods.#": "1",
                            "cors_rule.0.allowed_methods.0": "GET",
                            "cors_rule.0.allowed_origins.#": "1",
                            "cors_rule.0.allowed_origins.0": "*",
                            "cors_rule.0.expose_headers.#": "0",
                            "cors_rule.0.max_age_seconds": "3000",
                            "force_destroy": "false",
                            "hosted_zone_id": "Z3AQBSTGFYJSTF",
                            "id": "tilejson-io-staging-site-us-east-1",
                            "logging.#": "0",
                            "policy": "{\"Id\":\"S3AnonymousReadOnlyPolicy\",\"Statement\":[{\"Action\":\"s3:GetObject\",\"Effect\":\"Allow\",\"Principal\":\"*\",\"Resource\":\"arn:aws:s3:::tilejson-io-staging-site-us-east-1/*\",\"Sid\":\"S3ReadOnly\"}],\"Version\":\"2012-10-17\"}",
                            "region": "us-east-1",
                            "request_payer": "BucketOwner",
                            "tags.%": "2",
                            "tags.Environment": "Staging",
                            "tags.Project": "TileJSON.io",
                            "versioning.#": "1",
                            "versioning.0.enabled": "false",
                            "versioning.0.mfa_delete": "false",
                            "website.#": "0"
                        },
                        "meta": {},
                        "tainted": false
                    },
                    "deposed": [],
                    "provider": ""
                },
                "data.aws_iam_policy_document.read_only_bucket_policy": {
                    "type": "aws_iam_policy_document",
                    "depends_on": [],
                    "primary": {
                        "id": "3039199220",
                        "attributes": {
                            "id": "3039199220",
                            "json": "{\n  \"Version\": \"2012-10-17\",\n  \"Id\": \"S3AnonymousReadOnlyPolicy\",\n  \"Statement\": [\n    {\n      \"Sid\": \"S3ReadOnly\",\n      \"Effect\": \"Allow\",\n      \"Action\": \"s3:GetObject\",\n      \"Resource\": \"arn:aws:s3:::tilejson-io-staging-site-us-east-1/*\",\n      \"Principal\": \"*\"\n    }\n  ]\n}",
                            "policy_id": "S3AnonymousReadOnlyPolicy",
                            "statement.#": "1",
                            "statement.0.actions.#": "1",
                            "statement.0.actions.2071725391": "s3:GetObject",
                            "statement.0.condition.#": "0",
                            "statement.0.effect": "Allow",
                            "statement.0.not_actions.#": "0",
                            "statement.0.not_principals.#": "0",
                            "statement.0.not_resources.#": "0",
                            "statement.0.principals.#": "1",
                            "statement.0.principals.636693895.identifiers.#": "1",
                            "statement.0.principals.636693895.identifiers.2679715827": "*",
                            "statement.0.principals.636693895.type": "AWS",
                            "statement.0.resources.#": "1",
                            "statement.0.resources.1547725939": "arn:aws:s3:::tilejson-io-staging-site-us-east-1/*",
                            "statement.0.sid": "S3ReadOnly"
                        },
                        "meta": {},
                        "tainted": false
                    },
                    "deposed": [],
                    "provider": ""
                }
            },
            "depends_on": []
        }
    ]
}
